
Microsoft Visual Studio Solution File, Format Version 12.00
# Visual Studio Version 17
VisualStudioVersion = 17.7.34031.279
MinimumVisualStudioVersion = 10.0.40219.1
Project("{FAE04EC0-301F-11D3-BF4B-00C04F79EFBC}") = "Bookstore", "Bookstore\Bookstore.csproj", "{5EF9B24D-3A03-4634-B760-6D140466F9EA}"
EndProject
Global
	GlobalSection(SolutionConfigurationPlatforms) = preSolution
		Debug|Any CPU = Debug|Any CPU
		Release|Any CPU = Release|Any CPU
	EndGlobalSection
	GlobalSection(ProjectConfigurationPlatforms) = postSolution
		{5EF9B24D-3A03-4634-B760-6D140466F9EA}.Debug|Any CPU.ActiveCfg = Debug|Any CPU
		{5EF9B24D-3A03-4634-B760-6D140466F9EA}.Debug|Any CPU.Build.0 = Debug|Any CPU
		{5EF9B24D-3A03-4634-B760-6D140466F9EA}.Release|Any CPU.ActiveCfg = Release|Any CPU
		{5EF9B24D-3A03-4634-B760-6D140466F9EA}.Release|Any CPU.Build.0 = Release|Any CPU
	EndGlobalSection
	GlobalSection(SolutionProperties) = preSolution
		HideSolutionNode = FALSE
	EndGlobalSection
	GlobalSection(ExtensibilityGlobals) = postSolution
		SolutionGuid = {52D6C8C0-41D3-40BB-B86C-1DE1705028C8}
	EndGlobalSection
EndGlobal
